memo = "2b824432dae2546c909cfce11a4bbddbd1a6dca49b5e0fa923835db7fdc82c63"

[[projects]]
  branch = "master"
  name = "github.com/boltdb/bolt"
  packages = ["."]
  revision = "e9cf4fae01b5a8ff89d0ec6b32f0d9c9f79aefdd"

[[projects]]
  branch = "master"
  name = "github.com/go-telegram-bot-api/telegram-bot-api"
  packages = ["."]
  revision = "13c54dc548f7ca692fe434d4b7cac072b0de0e0b"

[[projects]]
  branch = "master"
  name = "github.com/technoweenie/multipartstreamer"
  packages = ["."]
  revision = "a90a01d73ae432e2611d178c18367fbaa13e0154"

[[projects]]
  branch = "master"
  name = "github.com/yanzay/log"
  packages = ["."]
  revision = "87352bb235060cca8427c8f9fdd68c83b38ba461"

[[projects]]
  branch = "master"
  name = "github.com/yanzay/tbot"
  packages = [".","internal/adapter","model"]
  revision = "beee5f7b94d8b6a951779e250a3283ff931177ea"

[[projects]]
  branch = "master"
  name = "golang.org/x/sys"
  packages = ["unix"]
  revision = "c200b10b5d5e122be351b67af224adc6128af5bf"
